
Microsoft Visual Studio Solution File, Format Version 12.00
# Visual Studio Version 17
VisualStudioVersion = 17.5.33414.496
MinimumVisualStudioVersion = 10.0.40219.1
Project("{9A19103F-16F7-4668-BE54-9A1E7A4F7556}") = "NRhinoGenerator", "src\NRhinoGenerator.csproj", "{28ABB13E-25DE-4FB1-8C4D-E733B202F48F}"
EndProject
Project("{FAE04EC0-301F-11D3-BF4B-00C04F79EFBC}") = "Tests", "tests\Tests\Tests.csproj", "{CE095B2F-0440-4FD2-9C24-11499FE23C62}"
EndProject
Global
	GlobalSection(SolutionConfigurationPlatforms) = preSolution
		Debug|Any CPU = Debug|Any CPU
		Release|Any CPU = Release|Any CPU
	EndGlobalSection
	GlobalSection(ProjectConfigurationPlatforms) = postSolution
		{28ABB13E-25DE-4FB1-8C4D-E733B202F48F}.Debug|Any CPU.ActiveCfg = Debug|Any CPU
		{28ABB13E-25DE-4FB1-8C4D-E733B202F48F}.Debug|Any CPU.Build.0 = Debug|Any CPU
		{28ABB13E-25DE-4FB1-8C4D-E733B202F48F}.Release|Any CPU.ActiveCfg = Release|Any CPU
		{28ABB13E-25DE-4FB1-8C4D-E733B202F48F}.Release|Any CPU.Build.0 = Release|Any CPU
		{CE095B2F-0440-4FD2-9C24-11499FE23C62}.Debug|Any CPU.ActiveCfg = Debug|Any CPU
		{CE095B2F-0440-4FD2-9C24-11499FE23C62}.Debug|Any CPU.Build.0 = Debug|Any CPU
		{CE095B2F-0440-4FD2-9C24-11499FE23C62}.Release|Any CPU.ActiveCfg = Release|Any CPU
		{CE095B2F-0440-4FD2-9C24-11499FE23C62}.Release|Any CPU.Build.0 = Release|Any CPU
	EndGlobalSection
	GlobalSection(SolutionProperties) = preSolution
		HideSolutionNode = FALSE
	EndGlobalSection
	GlobalSection(ExtensibilityGlobals) = postSolution
		SolutionGuid = {B6C92945-4E1B-44F1-8E8F-08013BA500E3}
	EndGlobalSection
EndGlobal
